// !$*UTF8*$!
{
	archiveVersion = 1;
	classes = {
	};
	objectVersion = 51;
	objects = {

/* Begin PBXBuildFile section */
		6EFF6C937F528208F42B5E65 /* Pods_PokemonApp.framework in Frameworks */ = {isa = PBXBuildFile; fileRef = C2CFAFEFBFFCE95FD341A96A /* Pods_PokemonApp.framework */; };
		911EF8E12413CB6F00608499 /* AppDelegate.swift in Sources */ = {isa = PBXBuildFile; fileRef = 911EF8E02413CB6F00608499 /* AppDelegate.swift */; };
		911EF8E32413CB6F00608499 /* SceneDelegate.swift in Sources */ = {isa = PBXBuildFile; fileRef = 911EF8E22413CB6F00608499 /* SceneDelegate.swift */; };
		911EF8E52413CB6F00608499 /* PokemonViewController.swift in Sources */ = {isa = PBXBuildFile; fileRef = 911EF8E42413CB6F00608499 /* PokemonViewController.swift */; };
		911EF8E82413CB6F00608499 /* Main.storyboard in Resources */ = {isa = PBXBuildFile; fileRef = 911EF8E62413CB6F00608499 /* Main.storyboard */; };
		911EF8EA2413CB7100608499 /* Assets.xcassets in Resources */ = {isa = PBXBuildFile; fileRef = 911EF8E92413CB7100608499 /* Assets.xcassets */; };
		911EF8ED2413CB7100608499 /* LaunchScreen.storyboard in Resources */ = {isa = PBXBuildFile; fileRef = 911EF8EB2413CB7100608499 /* LaunchScreen.storyboard */; };
		911EF8F52413D12800608499 /* pokemon.csv in Resources */ = {isa = PBXBuildFile; fileRef = 911EF8F42413D12800608499 /* pokemon.csv */; };
		911EF8F82413D33000608499 /* Pokemon.swift in Sources */ = {isa = PBXBuildFile; fileRef = 911EF8F72413D33000608499 /* Pokemon.swift */; };
		911EF8FB2413DD3700608499 /* PokeCVCell.swift in Sources */ = {isa = PBXBuildFile; fileRef = 911EF8FA2413DD3700608499 /* PokeCVCell.swift */; };
		911EF8FD24140A8100608499 /* csv.swift in Sources */ = {isa = PBXBuildFile; fileRef = 911EF8FC24140A8100608499 /* csv.swift */; };
		9157A94A24142330000A4E39 /* pokemon.ttf in Resources */ = {isa = PBXBuildFile; fileRef = 9157A94824142304000A4E39 /* pokemon.ttf */; };
		9157A94F24142593000A4E39 /* music.mp3 in Resources */ = {isa = PBXBuildFile; fileRef = 9157A94E24142593000A4E39 /* music.mp3 */; };
		9157A95124143E91000A4E39 /* PokemonDetailViewController.swift in Sources */ = {isa = PBXBuildFile; fileRef = 9157A95024143E91000A4E39 /* PokemonDetailViewController.swift */; };
		917926BD2414D518002AA72C /* Constants.swift in Sources */ = {isa = PBXBuildFile; fileRef = 917926BC2414D518002AA72C /* Constants.swift */; };
/* End PBXBuildFile section */

/* Begin PBXFileReference section */
		7CF83B982BBAD639367C6DE3 /* Pods-PokemonApp.debug.xcconfig */ = {isa = PBXFileReference; includeInIndex = 1; lastKnownFileType = text.xcconfig; name = "Pods-PokemonApp.debug.xcconfig"; path = "Target Support Files/Pods-PokemonApp/Pods-PokemonApp.debug.xcconfig"; sourceTree = "<group>"; };
		911EF8DD2413CB6F00608499 /* PokemonApp.app */ = {isa = PBXFileReference; explicitFileType = wrapper.application; includeInIndex = 0; path = PokemonApp.app; sourceTree = BUILT_PRODUCTS_DIR; };
		911EF8E02413CB6F00608499 /* AppDelegate.swift */ = {isa = PBXFileReference; lastKnownFileType = sourcecode.swift; path = AppDelegate.swift; sourceTree = "<group>"; };
		911EF8E22413CB6F00608499 /* SceneDelegate.swift */ = {isa = PBXFileReference; lastKnownFileType = sourcecode.swift; path = SceneDelegate.swift; sourceTree = "<group>"; };
		911EF8E42413CB6F00608499 /* PokemonViewController.swift */ = {isa = PBXFileReference; lastKnownFileType = sourcecode.swift; path = PokemonViewController.swift; sourceTree = "<group>"; };
		911EF8E72413CB6F00608499 /* Base */ = {isa = PBXFileReference; lastKnownFileType = file.storyboard; name = Base; path = Base.lproj/Main.storyboard; sourceTree = "<group>"; };
		911EF8E92413CB7100608499 /* Assets.xcassets */ = {isa = PBXFileReference; lastKnownFileType = folder.assetcatalog; path = Assets.xcassets; sourceTree = "<group>"; };
		911EF8EC2413CB7100608499 /* Base */ = {isa = PBXFileReference; lastKnownFileType = file.storyboard; name = Base; path = Base.lproj/LaunchScreen.storyboard; sourceTree = "<group>"; };
		911EF8EE2413CB7100608499 /* Info.plist */ = {isa = PBXFileReference; lastKnownFileType = text.plist.xml; path = Info.plist; sourceTree = "<group>"; };
		911EF8F42413D12800608499 /* pokemon.csv */ = {isa = PBXFileReference; fileEncoding = 4; lastKnownFileType = text; path = pokemon.csv; sourceTree = "<group>"; };
		911EF8F72413D33000608499 /* Pokemon.swift */ = {isa = PBXFileReference; lastKnownFileType = sourcecode.swift; path = Pokemon.swift; sourceTree = "<group>"; };
		911EF8FA2413DD3700608499 /* PokeCVCell.swift */ = {isa = PBXFileReference; lastKnownFileType = sourcecode.swift; path = PokeCVCell.swift; sourceTree = "<group>"; };
		911EF8FC24140A8100608499 /* csv.swift */ = {isa = PBXFileReference; fileEncoding = 4; lastKnownFileType = sourcecode.swift; path = csv.swift; sourceTree = "<group>"; };
		9157A94824142304000A4E39 /* pokemon.ttf */ = {isa = PBXFileReference; lastKnownFileType = file; path = pokemon.ttf; sourceTree = "<group>"; };
		9157A94E24142593000A4E39 /* music.mp3 */ = {isa = PBXFileReference; lastKnownFileType = audio.mp3; path = music.mp3; sourceTree = "<group>"; };
		9157A95024143E91000A4E39 /* PokemonDetailViewController.swift */ = {isa = PBXFileReference; lastKnownFileType = sourcecode.swift; path = PokemonDetailViewController.swift; sourceTree = "<group>"; };
		917926BC2414D518002AA72C /* Constants.swift */ = {isa = PBXFileReference; lastKnownFileType = sourcecode.swift; path = Constants.swift; sourceTree = "<group>"; };
		C2CFAFEFBFFCE95FD341A96A /* Pods_PokemonApp.framework */ = {isa = PBXFileReference; explicitFileType = wrapper.framework; includeInIndex = 0; path = Pods_PokemonApp.framework; sourceTree = BUILT_PRODUCTS_DIR; };
		DD3946CCA0241D28A99C2686 /* Pods-PokemonApp.release.xcconfig */ = {isa = PBXFileReference; includeInIndex = 1; lastKnownFileType = text.xcconfig; name = "Pods-PokemonApp.release.xcconfig"; path = "Target Support Files/Pods-PokemonApp/Pods-PokemonApp.release.xcconfig"; sourceTree = "<group>"; };
/* End PBXFileReference section */

/* Begin PBXFrameworksBuildPhase section */
		911EF8DA2413CB6F00608499 /* Frameworks */ = {
			isa = PBXFrameworksBuildPhase;
			buildActionMask = 2147483647;
			files = (
				6EFF6C937F528208F42B5E65 /* Pods_PokemonApp.framework in Frameworks */,
			);
			runOnlyForDeploymentPostprocessing = 0;
		};
/* End PBXFrameworksBuildPhase section */

/* Begin PBXGroup section */
		01B05DB0196755C922046FE6 /* Frameworks */ = {
			isa = PBXGroup;
			children = (
				C2CFAFEFBFFCE95FD341A96A /* Pods_PokemonApp.framework */,
			);
			name = Frameworks;
			sourceTree = "<group>";
		};
		911EF8D42413CB6F00608499 = {
			isa = PBXGroup;
			children = (
				911EF8DF2413CB6F00608499 /* PokemonApp */,
				911EF8DE2413CB6F00608499 /* Products */,
				952BBCF695D07A5CF24830EF /* Pods */,
				01B05DB0196755C922046FE6 /* Frameworks */,
			);
			sourceTree = "<group>";
		};
		911EF8DE2413CB6F00608499 /* Products */ = {
			isa = PBXGroup;
			children = (
				911EF8DD2413CB6F00608499 /* PokemonApp.app */,
			);
			name = Products;
			sourceTree = "<group>";
		};
		911EF8DF2413CB6F00608499 /* PokemonApp */ = {
			isa = PBXGroup;
			children = (
				911EF8F62413D31900608499 /* Model */,
				911EF8F92413DD1500608499 /* View */,
				9157A94B24142343000A4E39 /* Controller */,
				9157A94C24142356000A4E39 /* Resources */,
				9157A94D24142373000A4E39 /* Util */,
				911EF8E02413CB6F00608499 /* AppDelegate.swift */,
				911EF8E22413CB6F00608499 /* SceneDelegate.swift */,
				911EF8E62413CB6F00608499 /* Main.storyboard */,
				911EF8E92413CB7100608499 /* Assets.xcassets */,
				911EF8EB2413CB7100608499 /* LaunchScreen.storyboard */,
				911EF8EE2413CB7100608499 /* Info.plist */,
			);
			path = PokemonApp;
			sourceTree = "<group>";
		};
		911EF8F62413D31900608499 /* Model */ = {
			isa = PBXGroup;
			children = (
				911EF8F72413D33000608499 /* Pokemon.swift */,
			);
			path = Model;
			sourceTree = "<group>";
		};
		911EF8F92413DD1500608499 /* View */ = {
			isa = PBXGroup;
			children = (
				911EF8FA2413DD3700608499 /* PokeCVCell.swift */,
			);
			path = View;
			sourceTree = "<group>";
		};
		9157A94B24142343000A4E39 /* Controller */ = {
			isa = PBXGroup;
			children = (
				911EF8E42413CB6F00608499 /* PokemonViewController.swift */,
				9157A95024143E91000A4E39 /* PokemonDetailViewController.swift */,
			);
			path = Controller;
			sourceTree = "<group>";
		};
		9157A94C24142356000A4E39 /* Resources */ = {
			isa = PBXGroup;
			children = (
				9157A94E24142593000A4E39 /* music.mp3 */,
				9157A94824142304000A4E39 /* pokemon.ttf */,
				911EF8F42413D12800608499 /* pokemon.csv */,
			);
			path = Resources;
			sourceTree = "<group>";
		};
		9157A94D24142373000A4E39 /* Util */ = {
			isa = PBXGroup;
			children = (
				911EF8FC24140A8100608499 /* csv.swift */,
				917926BC2414D518002AA72C /* Constants.swift */,
			);
			path = Util;
			sourceTree = "<group>";
		};
		952BBCF695D07A5CF24830EF /* Pods */ = {
			isa = PBXGroup;
			children = (
				7CF83B982BBAD639367C6DE3 /* Pods-PokemonApp.debug.xcconfig */,
				DD3946CCA0241D28A99C2686 /* Pods-PokemonApp.release.xcconfig */,
			);
			path = Pods;
			sourceTree = "<group>";
		};
/* End PBXGroup section */

/* Begin PBXNativeTarget section */
		911EF8DC2413CB6F00608499 /* PokemonApp */ = {
			isa = PBXNativeTarget;
			buildConfigurationList = 911EF8F12413CB7100608499 /* Build configuration list for PBXNativeTarget "PokemonApp" */;
			buildPhases = (
				C93874BC98DC65F7039CE6A4 /* [CP] Check Pods Manifest.lock */,
				911EF8D92413CB6F00608499 /* Sources */,
				911EF8DA2413CB6F00608499 /* Frameworks */,
				911EF8DB2413CB6F00608499 /* Resources */,
				64D776014E19A5A9292960F3 /* [CP] Embed Pods Frameworks */,
			);
			buildRules = (
			);
			dependencies = (
			);
			name = PokemonApp;
			productName = PokemonApp;
			productReference = 911EF8DD2413CB6F00608499 /* PokemonApp.app */;
			productType = "com.apple.product-type.application";
		};
/* End PBXNativeTarget section */

/* Begin PBXProject section */
		911EF8D52413CB6F00608499 /* Project object */ = {
			isa = PBXProject;
			attributes = {
				LastSwiftUpdateCheck = 1130;
				LastUpgradeCheck = 1130;
				ORGANIZATIONNAME = "Mehmet Eroğlu";
				TargetAttributes = {
					911EF8DC2413CB6F00608499 = {
						CreatedOnToolsVersion = 11.3.1;
					};
				};
			};
			buildConfigurationList = 911EF8D82413CB6F00608499 /* Build configuration list for PBXProject "PokemonApp" */;
			compatibilityVersion = "Xcode 9.3";
			developmentRegion = en;
			hasScannedForEncodings = 0;
			knownRegions = (
				en,
				Base,
			);
			mainGroup = 911EF8D42413CB6F00608499;
			productRefGroup = 911EF8DE2413CB6F00608499 /* Products */;
			projectDirPath = "";
			projectRoot = "";
			targets = (
				911EF8DC2413CB6F00608499 /* PokemonApp */,
			);
		};
/* End PBXProject section */

/* Begin PBXResourcesBuildPhase section */
		911EF8DB2413CB6F00608499 /* Resources */ = {
			isa = PBXResourcesBuildPhase;
			buildActionMask = 2147483647;
			files = (
				9157A94A24142330000A4E39 /* pokemon.ttf in Resources */,
				911EF8ED2413CB7100608499 /* LaunchScreen.storyboard in Resources */,
				9157A94F24142593000A4E39 /* music.mp3 in Resources */,
				911EF8EA2413CB7100608499 /* Assets.xcassets in Resources */,
				911EF8F52413D12800608499 /* pokemon.csv in Resources */,
				911EF8E82413CB6F00608499 /* Main.storyboard in Resources */,
			);
			runOnlyForDeploymentPostprocessing = 0;
		};
/* End PBXResourcesBuildPhase section */

/* Begin PBXShellScriptBuildPhase section */
		64D776014E19A5A9292960F3 /* [CP] Embed Pods Frameworks */ = {
			isa = PBXShellScriptBuildPhase;
			buildActionMask = 2147483647;
			files = (
			);
			inputFileListPaths = (
				"${PODS_ROOT}/Target Support Files/Pods-PokemonApp/Pods-PokemonApp-frameworks-${CONFIGURATION}-input-files.xcfilelist",
			);
			name = "[CP] Embed Pods Frameworks";
			outputFileListPaths = (
				"${PODS_ROOT}/Target Support Files/Pods-PokemonApp/Pods-PokemonApp-frameworks-${CONFIGURATION}-output-files.xcfilelist",
			);
			runOnlyForDeploymentPostprocessing = 0;
			shellPath = /bin/sh;
			shellScript = "\"${PODS_ROOT}/Target Support Files/Pods-PokemonApp/Pods-PokemonApp-frameworks.sh\"\n";
			showEnvVarsInLog = 0;
		};
		C93874BC98DC65F7039CE6A4 /* [CP] Check Pods Manifest.lock */ = {
			isa = PBXShellScriptBuildPhase;
			buildActionMask = 2147483647;
			files = (
			);
			inputFileListPaths = (
			);
			inputPaths = (
				"${PODS_PODFILE_DIR_PATH}/Podfile.lock",
				"${PODS_ROOT}/Manifest.lock",
			);
			name = "[CP] Check Pods Manifest.lock";
			outputFileListPaths = (
			);
			outputPaths = (
				"$(DERIVED_FILE_DIR)/Pods-PokemonApp-checkManifestLockResult.txt",
			);
			runOnlyForDeploymentPostprocessing = 0;
			shellPath = /bin/sh;
			shellScript = "diff \"${PODS_PODFILE_DIR_PATH}/Podfile.lock\" \"${PODS_ROOT}/Manifest.lock\" > /dev/null\nif [ $? != 0 ] ; then\n    # print error to STDERR\n    echo \"error: The sandbox is not in sync with the Podfile.lock. Run 'pod install' or update your CocoaPods installation.\" >&2\n    exit 1\nfi\n# This output is used by Xcode 'outputs' to avoid re-running this script phase.\necho \"SUCCESS\" > \"${SCRIPT_OUTPUT_FILE_0}\"\n";
			showEnvVarsInLog = 0;
		};
/* End PBXShellScriptBuildPhase section */

/* Begin PBXSourcesBuildPhase section */
		911EF8D92413CB6F00608499 /* Sources */ = {
			isa = PBXSourcesBuildPhase;
			buildActionMask = 2147483647;
			files = (
				911EF8FD24140A8100608499 /* csv.swift in Sources */,
				911EF8E52413CB6F00608499 /* PokemonViewController.swift in Sources */,
				9157A95124143E91000A4E39 /* PokemonDetailViewController.swift in Sources */,
				911EF8F82413D33000608499 /* Pokemon.swift in Sources */,
				911EF8E12413CB6F00608499 /* AppDelegate.swift in Sources */,
				911EF8E32413CB6F00608499 /* SceneDelegate.swift in Sources */,
				911EF8FB2413DD3700608499 /* PokeCVCell.swift in Sources */,
				917926BD2414D518002AA72C /* Constants.swift in Sources */,
			);
			runOnlyForDeploymentPostprocessing = 0;
		};
/* End PBXSourcesBuildPhase section */

/* Begin PBXVariantGroup section */
		911EF8E62413CB6F00608499 /* Main.storyboard */ = {
			isa = PBXVariantGroup;
			children = (
				911EF8E72413CB6F00608499 /* Base */,
			);
			name = Main.storyboard;
			sourceTree = "<group>";
		};
		911EF8EB2413CB7100608499 /* LaunchScreen.storyboard */ = {
			isa = PBXVariantGroup;
			children = (
				911EF8EC2413CB7100608499 /* Base */,
			);
			name = LaunchScreen.storyboard;
			sourceTree = "<group>";
		};
/* End PBXVariantGroup section */

/* Begin XCBuildConfiguration section */
		911EF8EF2413CB7100608499 /* Debug */ = {
			isa = XCBuildConfiguration;
			buildSettings = {
				ALWAYS_SEARCH_USER_PATHS = NO;
				CLANG_ANALYZER_NONNULL = YES;
				CLANG_ANALYZER_NUMBER_OBJECT_CONVERSION = YES_AGGRESSIVE;
				CLANG_CXX_LANGUAGE_STANDARD = "gnu++14";
				CLANG_CXX_LIBRARY = "libc++";
				CLANG_ENABLE_MODULES = YES;
				CLANG_ENABLE_OBJC_ARC = YES;
				CLANG_ENABLE_OBJC_WEAK = YES;
				CLANG_WARN_BLOCK_CAPTURE_AUTORELEASING = YES;
				CLANG_WARN_BOOL_CONVERSION = YES;
				CLANG_WARN_COMMA = YES;
				CLANG_WARN_CONSTANT_CONVERSION = YES;
				CLANG_WARN_DEPRECATED_OBJC_IMPLEMENTATIONS = YES;
				CLANG_WARN_DIRECT_OBJC_ISA_USAGE = YES_ERROR;
				CLANG_WARN_DOCUMENTATION_COMMENTS = YES;
				CLANG_WARN_EMPTY_BODY = YES;
				CLANG_WARN_ENUM_CONVERSION = YES;
				CLANG_WARN_INFINITE_RECURSION = YES;
				CLANG_WARN_INT_CONVERSION = YES;
				CLANG_WARN_NON_LITERAL_NULL_CONVERSION = YES;
				CLANG_WARN_OBJC_IMPLICIT_RETAIN_SELF = YES;
				CLANG_WARN_OBJC_LITERAL_CONVERSION = YES;
				CLANG_WARN_OBJC_ROOT_CLASS = YES_ERROR;
				CLANG_WARN_RANGE_LOOP_ANALYSIS = YES;
				CLANG_WARN_STRICT_PROTOTYPES = YES;
				CLANG_WARN_SUSPICIOUS_MOVE = YES;
				CLANG_WARN_UNGUARDED_AVAILABILITY = YES_AGGRESSIVE;
				CLANG_WARN_UNREACHABLE_CODE = YES;
				CLANG_WARN__DUPLICATE_METHOD_MATCH = YES;
				COPY_PHASE_STRIP = NO;
				DEBUG_INFORMATION_FORMAT = dwarf;
				ENABLE_STRICT_OBJC_MSGSEND = YES;
				ENABLE_TESTABILITY = YES;
				GCC_C_LANGUAGE_STANDARD = gnu11;
				GCC_DYNAMIC_NO_PIC = NO;
				GCC_NO_COMMON_BLOCKS = YES;
				GCC_OPTIMIZATION_LEVEL = 0;
				GCC_PREPROCESSOR_DEFINITIONS = (
					"DEBUG=1",
					"$(inherited)",
				);
				GCC_WARN_64_TO_32_BIT_CONVERSION = YES;
				GCC_WARN_ABOUT_RETURN_TYPE = YES_ERROR;
				GCC_WARN_UNDECLARED_SELECTOR = YES;
				GCC_WARN_UNINITIALIZED_AUTOS = YES_AGGRESSIVE;
				GCC_WARN_UNUSED_FUNCTION = YES;
				GCC_WARN_UNUSED_VARIABLE = YES;
				IPHONEOS_DEPLOYMENT_TARGET = 13.2;
				MTL_ENABLE_DEBUG_INFO = INCLUDE_SOURCE;
				MTL_FAST_MATH = YES;
				ONLY_ACTIVE_ARCH = YES;
				SDKROOT = iphoneos;
				SWIFT_ACTIVE_COMPILATION_CONDITIONS = DEBUG;
				SWIFT_OPTIMIZATION_LEVEL = "-Onone";
			};
			name = Debug;
		};
		911EF8F02413CB7100608499 /* Release */ = {
			isa = XCBuildConfiguration;
			buildSettings = {
				ALWAYS_SEARCH_USER_PATHS = NO;
				CLANG_ANALYZER_NONNULL = YES;
				CLANG_ANALYZER_NUMBER_OBJECT_CONVERSION = YES_AGGRESSIVE;
				CLANG_CXX_LANGUAGE_STANDARD = "gnu++14";
				CLANG_CXX_LIBRARY = "libc++";
				CLANG_ENABLE_MODULES = YES;
				CLANG_ENABLE_OBJC_ARC = YES;
				CLANG_ENABLE_OBJC_WEAK = YES;
				CLANG_WARN_BLOCK_CAPTURE_AUTORELEASING = YES;
				CLANG_WARN_BOOL_CONVERSION = YES;
				CLANG_WARN_COMMA = YES;
				CLANG_WARN_CONSTANT_CONVERSION = YES;
				CLANG_WARN_DEPRECATED_OBJC_IMPLEMENTATIONS = YES;
				CLANG_WARN_DIRECT_OBJC_ISA_USAGE = YES_ERROR;
				CLANG_WARN_DOCUMENTATION_COMMENTS = YES;
				CLANG_WARN_EMPTY_BODY = YES;
				CLANG_WARN_ENUM_CONVERSION = YES;
				CLANG_WARN_INFINITE_RECURSION = YES;
				CLANG_WARN_INT_CONVERSION = YES;
				CLANG_WARN_NON_LITERAL_NULL_CONVERSION = YES;
				CLANG_WARN_OBJC_IMPLICIT_RETAIN_SELF = YES;
				CLANG_WARN_OBJC_LITERAL_CONVERSION = YES;
				CLANG_WARN_OBJC_ROOT_CLASS = YES_ERROR;
				CLANG_WARN_RANGE_LOOP_ANALYSIS = YES;
				CLANG_WARN_STRICT_PROTOTYPES = YES;
				CLANG_WARN_SUSPICIOUS_MOVE = YES;
				CLANG_WARN_UNGUARDED_AVAILABILITY = YES_AGGRESSIVE;
				CLANG_WARN_UNREACHABLE_CODE = YES;
				CLANG_WARN__DUPLICATE_METHOD_MATCH = YES;
				COPY_PHASE_STRIP = NO;
				DEBUG_INFORMATION_FORMAT = "dwarf-with-dsym";
				ENABLE_NS_ASSERTIONS = NO;
				ENABLE_STRICT_OBJC_MSGSEND = YES;
				GCC_C_LANGUAGE_STANDARD = gnu11;
				GCC_NO_COMMON_BLOCKS = YES;
				GCC_WARN_64_TO_32_BIT_CONVERSION = YES;
				GCC_WARN_ABOUT_RETURN_TYPE = YES_ERROR;
				GCC_WARN_UNDECLARED_SELECTOR = YES;
				GCC_WARN_UNINITIALIZED_AUTOS = YES_AGGRESSIVE;
				GCC_WARN_UNUSED_FUNCTION = YES;
				GCC_WARN_UNUSED_VARIABLE = YES;
				IPHONEOS_DEPLOYMENT_TARGET = 13.2;
				MTL_ENABLE_DEBUG_INFO = NO;
				MTL_FAST_MATH = YES;
				SDKROOT = iphoneos;
				SWIFT_COMPILATION_MODE = wholemodule;
				SWIFT_OPTIMIZATION_LEVEL = "-O";
				VALIDATE_PRODUCT = YES;
			};
			name = Release;
		};
		911EF8F22413CB7100608499 /* Debug */ = {
			isa = XCBuildConfiguration;
			baseConfigurationReference = 7CF83B982BBAD639367C6DE3 /* Pods-PokemonApp.debug.xcconfig */;
			buildSettings = {
				ASSETCATALOG_COMPILER_APPICON_NAME = AppIcon;
				CODE_SIGN_STYLE = Automatic;
				DEVELOPMENT_TEAM = 4PWC9KX3UT;
				INFOPLIST_FILE = PokemonApp/Info.plist;
				LD_RUNPATH_SEARCH_PATHS = (
					"$(inherited)",
					"@executable_path/Frameworks",
				);
				PRODUCT_BUNDLE_IDENTIFIER = com.Meroglu.PokemonApp;
				PRODUCT_NAME = "$(TARGET_NAME)";
				SWIFT_VERSION = 5.0;
				TARGETED_DEVICE_FAMILY = "1,2";
			};
			name = Debug;
		};
		911EF8F32413CB7100608499 /* Release */ = {
			isa = XCBuildConfiguration;
			baseConfigurationReference = DD3946CCA0241D28A99C2686 /* Pods-PokemonApp.release.xcconfig */;
			buildSettings = {
				ASSETCATALOG_COMPILER_APPICON_NAME = AppIcon;
				CODE_SIGN_STYLE = Automatic;
				DEVELOPMENT_TEAM = 4PWC9KX3UT;
				INFOPLIST_FILE = PokemonApp/Info.plist;
				LD_RUNPATH_SEARCH_PATHS = (
					"$(inherited)",
					"@executable_path/Frameworks",
				);
				PRODUCT_BUNDLE_IDENTIFIER = com.Meroglu.PokemonApp;
				PRODUCT_NAME = "$(TARGET_NAME)";
				SWIFT_VERSION = 5.0;
				TARGETED_DEVICE_FAMILY = "1,2";
			};
			name = Release;
		};
/* End XCBuildConfiguration section */

/* Begin XCConfigurationList section */
		911EF8D82413CB6F00608499 /* Build configuration list for PBXProject "PokemonApp" */ = {
			isa = XCConfigurationList;
			buildConfigurations = (
				911EF8EF2413CB7100608499 /* Debug */,
				911EF8F02413CB7100608499 /* Release */,
			);
			defaultConfigurationIsVisible = 0;
			defaultConfigurationName = Release;
		};
		911EF8F12413CB7100608499 /* Build configuration list for PBXNativeTarget "PokemonApp" */ = {
			isa = XCConfigurationList;
			buildConfigurations = (
				911EF8F22413CB7100608499 /* Debug */,
				911EF8F32413CB7100608499 /* Release */,
			);
			defaultConfigurationIsVisible = 0;
			defaultConfigurationName = Release;
		};
/* End XCConfigurationList section */
	};
	rootObject = 911EF8D52413CB6F00608499 /* Project object */;
}
